
Microsoft Visual Studio Solution File, Format Version 12.00
# Visual Studio 15
VisualStudioVersion = 15.0.28307.1585
MinimumVisualStudioVersion = 10.0.40219.1
Project("{E24C65DC-7377-472B-9ABA-BC803B73C61A}") = "PineappleFrontOffice", "PineappleFrontOffice\", "{5FE6BF55-F104-45AF-A106-FFA0D9D03435}"
	ProjectSection(WebsiteProperties) = preProject
		TargetFrameworkMoniker = ".NETFramework,Version%3Dv4.6.1"
		Debug.AspNetCompiler.VirtualPath = "/localhost_61551"
		Debug.AspNetCompiler.PhysicalPath = "PineappleFrontOffice\"
		Debug.AspNetCompiler.TargetPath = "PrecompiledWeb\localhost_61551\"
		Debug.AspNetCompiler.Updateable = "true"
		Debug.AspNetCompiler.ForceOverwrite = "true"
		Debug.AspNetCompiler.FixedNames = "false"
		Debug.AspNetCompiler.Debug = "True"
		Release.AspNetCompiler.VirtualPath = "/localhost_61551"
		Release.AspNetCompiler.PhysicalPath = "PineappleFrontOffice\"
		Release.AspNetCompiler.TargetPath = "PrecompiledWeb\localhost_61551\"
		Release.AspNetCompiler.Updateable = "true"
		Release.AspNetCompiler.ForceOverwrite = "true"
		Release.AspNetCompiler.FixedNames = "false"
		Release.AspNetCompiler.Debug = "False"
		VWDPort = "61551"
		SlnRelativePath = "PineappleFrontOffice\"
		DefaultWebSiteLanguage = "Visual C#"
	EndProjectSection
EndProject
Project("{FAE04EC0-301F-11D3-BF4B-00C04F79EFBC}") = "PineappleClasses", "PineappleClasses\PineappleClasses.csproj", "{6C180DAC-AEEB-4289-92EB-7714DDB760F1}"
EndProject
Project("{FAE04EC0-301F-11D3-BF4B-00C04F79EFBC}") = "Pineapple Testing", "Pineapple Testing\Pineapple Testing.csproj", "{9DB7D2AB-DB04-4991-8951-EABE99B833F2}"
EndProject
Project("{FAE04EC0-301F-11D3-BF4B-00C04F79EFBC}") = "PineappleBackOffice", "PineappleBackOffice\PineappleBackOffice.csproj", "{91854B2E-D36B-4078-AEE1-5017666B8525}"
EndProject
Global
	GlobalSection(SolutionConfigurationPlatforms) = preSolution
		Debug|Any CPU = Debug|Any CPU
		Release|Any CPU = Release|Any CPU
	EndGlobalSection
	GlobalSection(ProjectConfigurationPlatforms) = postSolution
		{5FE6BF55-F104-45AF-A106-FFA0D9D03435}.Debug|Any CPU.ActiveCfg = Debug|Any CPU
		{5FE6BF55-F104-45AF-A106-FFA0D9D03435}.Debug|Any CPU.Build.0 = Debug|Any CPU
		{5FE6BF55-F104-45AF-A106-FFA0D9D03435}.Release|Any CPU.ActiveCfg = Debug|Any CPU
		{5FE6BF55-F104-45AF-A106-FFA0D9D03435}.Release|Any CPU.Build.0 = Debug|Any CPU
		{6C180DAC-AEEB-4289-92EB-7714DDB760F1}.Debug|Any CPU.ActiveCfg = Debug|Any CPU
		{6C180DAC-AEEB-4289-92EB-7714DDB760F1}.Debug|Any CPU.Build.0 = Debug|Any CPU
		{6C180DAC-AEEB-4289-92EB-7714DDB760F1}.Release|Any CPU.ActiveCfg = Release|Any CPU
		{6C180DAC-AEEB-4289-92EB-7714DDB760F1}.Release|Any CPU.Build.0 = Release|Any CPU
		{9DB7D2AB-DB04-4991-8951-EABE99B833F2}.Debug|Any CPU.ActiveCfg = Debug|Any CPU
		{9DB7D2AB-DB04-4991-8951-EABE99B833F2}.Debug|Any CPU.Build.0 = Debug|Any CPU
		{9DB7D2AB-DB04-4991-8951-EABE99B833F2}.Release|Any CPU.ActiveCfg = Release|Any CPU
		{9DB7D2AB-DB04-4991-8951-EABE99B833F2}.Release|Any CPU.Build.0 = Release|Any CPU
		{91854B2E-D36B-4078-AEE1-5017666B8525}.Debug|Any CPU.ActiveCfg = Debug|Any CPU
		{91854B2E-D36B-4078-AEE1-5017666B8525}.Debug|Any CPU.Build.0 = Debug|Any CPU
		{91854B2E-D36B-4078-AEE1-5017666B8525}.Release|Any CPU.ActiveCfg = Release|Any CPU
		{91854B2E-D36B-4078-AEE1-5017666B8525}.Release|Any CPU.Build.0 = Release|Any CPU
	EndGlobalSection
	GlobalSection(SolutionProperties) = preSolution
		HideSolutionNode = FALSE
	EndGlobalSection
	GlobalSection(ExtensibilityGlobals) = postSolution
		SolutionGuid = {01BF2E33-D922-437F-9181-5F08CA12528A}
	EndGlobalSection
EndGlobal
